
Microsoft Visual Studio Solution File, Format Version 12.00
# Visual Studio Version 16
VisualStudioVersion = 16.0.30225.117
MinimumVisualStudioVersion = 10.0.40219.1
Project("{FAE04EC0-301F-11D3-BF4B-00C04F79EFBC}") = "SWMproject", "SWMproject\SWMproject\SWMproject.csproj", "{CE9FAB0A-2F2C-44AA-BCDB-0CE9C94D8B17}"
EndProject
Project("{FAE04EC0-301F-11D3-BF4B-00C04F79EFBC}") = "SWMproject.Tests", "SWMproject\SWMproject.Tests\SWMproject.Tests.csproj", "{A5A24B65-EA71-4717-AB89-F2E8D0D66D71}"
EndProject
Global
	GlobalSection(SolutionConfigurationPlatforms) = preSolution
		Debug|Any CPU = Debug|Any CPU
		Release|Any CPU = Release|Any CPU
	EndGlobalSection
	GlobalSection(ProjectConfigurationPlatforms) = postSolution
		{CE9FAB0A-2F2C-44AA-BCDB-0CE9C94D8B17}.Debug|Any CPU.ActiveCfg = Debug|Any CPU
		{CE9FAB0A-2F2C-44AA-BCDB-0CE9C94D8B17}.Debug|Any CPU.Build.0 = Debug|Any CPU
		{CE9FAB0A-2F2C-44AA-BCDB-0CE9C94D8B17}.Release|Any CPU.ActiveCfg = Release|Any CPU
		{CE9FAB0A-2F2C-44AA-BCDB-0CE9C94D8B17}.Release|Any CPU.Build.0 = Release|Any CPU
		{A5A24B65-EA71-4717-AB89-F2E8D0D66D71}.Debug|Any CPU.ActiveCfg = Debug|Any CPU
		{A5A24B65-EA71-4717-AB89-F2E8D0D66D71}.Debug|Any CPU.Build.0 = Debug|Any CPU
		{A5A24B65-EA71-4717-AB89-F2E8D0D66D71}.Release|Any CPU.ActiveCfg = Release|Any CPU
		{A5A24B65-EA71-4717-AB89-F2E8D0D66D71}.Release|Any CPU.Build.0 = Release|Any CPU
	EndGlobalSection
	GlobalSection(SolutionProperties) = preSolution
		HideSolutionNode = FALSE
	EndGlobalSection
	GlobalSection(ExtensibilityGlobals) = postSolution
		SolutionGuid = {B930F295-F8D0-48CC-BC85-33236BE15464}
	EndGlobalSection
EndGlobal
